
Microsoft Visual Studio Solution File, Format Version 12.00
# Visual Studio Version 16
VisualStudioVersion = 16.0.29728.190
MinimumVisualStudioVersion = 10.0.40219.1
Project("{9A19103F-16F7-4668-BE54-9A1E7A4F7556}") = "StudentSystemMultiplatform", "StudentSystemMultiplatform\StudentSystemMultiplatform.csproj", "{D2648D73-E918-4C9C-AA12-1AC5476274F7}"
EndProject
Project("{FAE04EC0-301F-11D3-BF4B-00C04F79EFBC}") = "StudentSystemMultiplatformTests", "StudentSystemMultiplatformTests\StudentSystemMultiplatformTests.csproj", "{BECF8CF8-FC2A-49ED-B1F9-DE359BCC9880}"
EndProject
Global
	GlobalSection(SolutionConfigurationPlatforms) = preSolution
		Debug|Any CPU = Debug|Any CPU
		Release|Any CPU = Release|Any CPU
	EndGlobalSection
	GlobalSection(ProjectConfigurationPlatforms) = postSolution
		{D2648D73-E918-4C9C-AA12-1AC5476274F7}.Debug|Any CPU.ActiveCfg = Debug|Any CPU
		{D2648D73-E918-4C9C-AA12-1AC5476274F7}.Debug|Any CPU.Build.0 = Debug|Any CPU
		{D2648D73-E918-4C9C-AA12-1AC5476274F7}.Release|Any CPU.ActiveCfg = Release|Any CPU
		{D2648D73-E918-4C9C-AA12-1AC5476274F7}.Release|Any CPU.Build.0 = Release|Any CPU
		{BECF8CF8-FC2A-49ED-B1F9-DE359BCC9880}.Debug|Any CPU.ActiveCfg = Debug|Any CPU
		{BECF8CF8-FC2A-49ED-B1F9-DE359BCC9880}.Debug|Any CPU.Build.0 = Debug|Any CPU
		{BECF8CF8-FC2A-49ED-B1F9-DE359BCC9880}.Release|Any CPU.ActiveCfg = Release|Any CPU
		{BECF8CF8-FC2A-49ED-B1F9-DE359BCC9880}.Release|Any CPU.Build.0 = Release|Any CPU
	EndGlobalSection
	GlobalSection(SolutionProperties) = preSolution
		HideSolutionNode = FALSE
	EndGlobalSection
	GlobalSection(ExtensibilityGlobals) = postSolution
		SolutionGuid = {EF60A0DC-69C1-4816-8788-48767128BDC4}
	EndGlobalSection
EndGlobal
